{
  "name": "cm-chessboard-position-editor",
  "version": "1.1.1",
  "lockfileVersion": 3,
  "requires": true,
  "packages": {
    "": {
      "name": "cm-chessboard-position-editor",
      "version": "1.1.1",
      "license": "MIT",
      "dependencies": {
        "cm-chessboard": "^7.7.11"
      }
    },
    "node_modules/cm-chessboard": {
      "version": "7.7.11",
      "resolved": "https://registry.npmjs.org/cm-chessboard/-/cm-chessboard-7.7.11.tgz",
      "integrity": "sha512-ONr/2fVdMORprDNDEKEoL+RX8BOpPR0TDKM3cp3DP67OexomE2Rauie5bi6bZtBce+7u33J4bXshc24aY3Qf0w=="
    }
  }
}
