{
  "name": "cm-chessboard-position-editor",
  "version": "2.2.2",
  "lockfileVersion": 3,
  "requires": true,
  "packages": {
    "": {
      "name": "cm-chessboard-position-editor",
      "version": "2.2.2",
      "license": "MIT",
      "dependencies": {
        "cm-chessboard": "^8.2.1",
        "extreme-minimal-css": "^1.2.1"
      }
    },
    "node_modules/cm-chessboard": {
      "version": "8.2.1",
      "resolved": "https://registry.npmjs.org/cm-chessboard/-/cm-chessboard-8.2.1.tgz",
      "integrity": "sha512-iYE4IrSJw68YcVWn11j9OKO8l1/fUf0/Whi5I0/yU99de3srI95DvDoUY8GqNEAHO4Cz2U8b28Y5X2xpvMBAww=="
    },
    "node_modules/extreme-minimal-css": {
      "version": "1.2.1",
      "resolved": "https://registry.npmjs.org/extreme-minimal-css/-/extreme-minimal-css-1.2.1.tgz",
      "integrity": "sha512-CP/sN+Fq4I1N2DjgC01KPvQx8rH4Ibo479NFt0R0zP0Mib9NZGa9mflef9DTY/vT2JoYNouekwjLtPxDLdHn6Q=="
    }
  }
}
