{
  "name": "cm-chessboard-position-editor",
  "version": "1.0.0",
  "lockfileVersion": 3,
  "requires": true,
  "packages": {
    "": {
      "name": "cm-chessboard-position-editor",
      "version": "1.0.0",
      "license": "MIT",
      "dependencies": {
        "cm-chessboard": "^7.7.10"
      }
    },
    "node_modules/cm-chessboard": {
      "version": "7.7.10",
      "resolved": "https://registry.npmjs.org/cm-chessboard/-/cm-chessboard-7.7.10.tgz",
      "integrity": "sha512-S0uqZvpl/9Grd6zPG696qyTDMYnsrHhy6WSpr7MhkT5U6A2LsWdAualXgMaPgta5+nP8/lClJUdhOBKxpZhwIg=="
    }
  }
}
